Microsoft Visual Studio Solution File, Format Version 12.00
# Visual Studio Version 17
VisualStudioVersion = 17.5.2.0
MinimumVisualStudioVersion = 10.0.40219.1
Project("{2150E333-8FDC-42A3-9474-1A3956D46DE8}") = "sidecar", "sidecar", "{35BE7101-75C4-D3BD-85F1-4D6585881F29}"
EndProject
Project("{FAE04EC0-301F-11D3-BF4B-00C04F79EFBC}") = "Tabularcraft.Sidecar", "sidecar\Tabularcraft.Sidecar.csproj", "{7E727FF0-2062-C67B-8E51-4F9328114620}"
EndProject
Global
	GlobalSection(SolutionConfigurationPlatforms) = preSolution
		Debug|Any CPU = Debug|Any CPU
		Release|Any CPU = Release|Any CPU
	EndGlobalSection
	GlobalSection(ProjectConfigurationPlatforms) = postSolution
		{7E727FF0-2062-C67B-8E51-4F9328114620}.Debug|Any CPU.ActiveCfg = Debug|Any CPU
		{7E727FF0-2062-C67B-8E51-4F9328114620}.Debug|Any CPU.Build.0 = Debug|Any CPU
		{7E727FF0-2062-C67B-8E51-4F9328114620}.Release|Any CPU.ActiveCfg = Release|Any CPU
		{7E727FF0-2062-C67B-8E51-4F9328114620}.Release|Any CPU.Build.0 = Release|Any CPU
	EndGlobalSection
	GlobalSection(SolutionProperties) = preSolution
		HideSolutionNode = FALSE
	EndGlobalSection
	GlobalSection(NestedProjects) = preSolution
		{7E727FF0-2062-C67B-8E51-4F9328114620} = {35BE7101-75C4-D3BD-85F1-4D6585881F29}
	EndGlobalSection
	GlobalSection(ExtensibilityGlobals) = postSolution
		SolutionGuid = {00E1B637-6BCD-4AE9-9D07-8E0ACDB51970}
	EndGlobalSection
EndGlobal
